<Solution>
  <Project Path="AxisLink.Core/AxisLink.Core.csproj" Id="a5fb9f3d-07ac-4839-a5f9-cb39c2370e59" />
  <Project Path="AxisLink.Desktop/AxisLink.Desktop.csproj" />
  <Project Path="AxisLink.Infrastructure/AxisLink.Infrastructure.csproj" Id="11ca19c0-37df-4f67-9d0e-da1e1401bba3" />
  <Project Path="AxisLink.Tests/AxisLink.Tests.csproj" Id="11321ba9-3fee-474d-9c62-d75067eb9c6c" />
</Solution>
