
Microsoft Visual Studio Solution File, Format Version 12.00
# Visual Studio Version 17
VisualStudioVersion = 17.10.35013.160
MinimumVisualStudioVersion = 10.0.40219.1
Project("{9A19103F-16F7-4668-BE54-9A1E7A4F7556}") = "KinetiCUE", "KineticQ\KinetiCUE.csproj", "{995A9C34-8C65-4D6D-86F3-E3D9A167BCA3}"
EndProject
Global
	GlobalSection(SolutionConfigurationPlatforms) = preSolution
		Debug|Any CPU = Debug|Any CPU
		Release|Any CPU = Release|Any CPU
	EndGlobalSection
	GlobalSection(ProjectConfigurationPlatforms) = postSolution
		{995A9C34-8C65-4D6D-86F3-E3D9A167BCA3}.Debug|Any CPU.ActiveCfg = Debug|Any CPU
		{995A9C34-8C65-4D6D-86F3-E3D9A167BCA3}.Debug|Any CPU.Build.0 = Debug|Any CPU
		{995A9C34-8C65-4D6D-86F3-E3D9A167BCA3}.Release|Any CPU.ActiveCfg = Release|Any CPU
		{995A9C34-8C65-4D6D-86F3-E3D9A167BCA3}.Release|Any CPU.Build.0 = Release|Any CPU
	EndGlobalSection
	GlobalSection(SolutionProperties) = preSolution
		HideSolutionNode = FALSE
	EndGlobalSection
	GlobalSection(ExtensibilityGlobals) = postSolution
		SolutionGuid = {5C46CBF2-0329-42A3-AA34-983B81ADE271}
	EndGlobalSection
EndGlobal
